
Microsoft Visual Studio Solution File, Format Version 12.00
# Visual Studio Version 16
VisualStudioVersion = 16.0.32510.428
MinimumVisualStudioVersion = 10.0.40219.1
Project("{FAE04EC0-301F-11D3-BF4B-00C04F79EFBC}") = "Pw15_BobrikovAA", "Pw15\Pw15_BobrikovAA.csproj", "{D7A232AF-D85A-442C-9677-EA6E84502D5A}"
EndProject
Global
	GlobalSection(SolutionConfigurationPlatforms) = preSolution
		Debug|Any CPU = Debug|Any CPU
		Release|Any CPU = Release|Any CPU
	EndGlobalSection
	GlobalSection(ProjectConfigurationPlatforms) = postSolution
		{D7A232AF-D85A-442C-9677-EA6E84502D5A}.Debug|Any CPU.ActiveCfg = Debug|Any CPU
		{D7A232AF-D85A-442C-9677-EA6E84502D5A}.Debug|Any CPU.Build.0 = Debug|Any CPU
		{D7A232AF-D85A-442C-9677-EA6E84502D5A}.Release|Any CPU.ActiveCfg = Release|Any CPU
		{D7A232AF-D85A-442C-9677-EA6E84502D5A}.Release|Any CPU.Build.0 = Release|Any CPU
	EndGlobalSection
	GlobalSection(SolutionProperties) = preSolution
		HideSolutionNode = FALSE
	EndGlobalSection
	GlobalSection(ExtensibilityGlobals) = postSolution
		SolutionGuid = {4D2F1462-83BD-4906-A6AA-A0C41815CB85}
	EndGlobalSection
EndGlobal
