
Microsoft Visual Studio Solution File, Format Version 12.00
# Visual Studio Version 17
VisualStudioVersion = 17.4.33205.214
MinimumVisualStudioVersion = 10.0.40219.1
Project("{FAE04EC0-301F-11D3-BF4B-00C04F79EFBC}") = "ПракЗад12", "ПракЗад12\ПракЗад12.csproj", "{5BFAF914-C68E-4461-9785-5D375AB3274D}"
EndProject
Global
	GlobalSection(SolutionConfigurationPlatforms) = preSolution
		Debug|Any CPU = Debug|Any CPU
		Release|Any CPU = Release|Any CPU
	EndGlobalSection
	GlobalSection(ProjectConfigurationPlatforms) = postSolution
		{5BFAF914-C68E-4461-9785-5D375AB3274D}.Debug|Any CPU.ActiveCfg = Debug|Any CPU
		{5BFAF914-C68E-4461-9785-5D375AB3274D}.Debug|Any CPU.Build.0 = Debug|Any CPU
		{5BFAF914-C68E-4461-9785-5D375AB3274D}.Release|Any CPU.ActiveCfg = Release|Any CPU
		{5BFAF914-C68E-4461-9785-5D375AB3274D}.Release|Any CPU.Build.0 = Release|Any CPU
	EndGlobalSection
	GlobalSection(SolutionProperties) = preSolution
		HideSolutionNode = FALSE
	EndGlobalSection
	GlobalSection(ExtensibilityGlobals) = postSolution
		SolutionGuid = {0F7D89FD-C533-4BAB-88B1-22478CCCD6E8}
	EndGlobalSection
EndGlobal
